
Microsoft Visual Studio Solution File, Format Version 12.00
# Visual Studio 14
VisualStudioVersion = 14.0.25123.0
MinimumVisualStudioVersion = 10.0.40219.1
Project("{FAE04EC0-301F-11D3-BF4B-00C04F79EFBC}") = "PureLogic", "PureLogic\PureLogic.csproj", "{BCBFB952-D46C-4807-BF3C-795793034FBD}"
EndProject
Global
	GlobalSection(SolutionConfigurationPlatforms) = preSolution
		Debug|Any CPU = Debug|Any CPU
		Release|Any CPU = Release|Any CPU
	EndGlobalSection
	GlobalSection(ProjectConfigurationPlatforms) = postSolution
		{BCBFB952-D46C-4807-BF3C-795793034FBD}.Debug|Any CPU.ActiveCfg = Debug|Any CPU
		{BCBFB952-D46C-4807-BF3C-795793034FBD}.Debug|Any CPU.Build.0 = Debug|Any CPU
		{BCBFB952-D46C-4807-BF3C-795793034FBD}.Release|Any CPU.ActiveCfg = Release|Any CPU
		{BCBFB952-D46C-4807-BF3C-795793034FBD}.Release|Any CPU.Build.0 = Release|Any CPU
	EndGlobalSection
	GlobalSection(SolutionProperties) = preSolution
		HideSolutionNode = FALSE
	EndGlobalSection
EndGlobal
